
Microsoft Visual Studio Solution File, Format Version 12.00
# Visual Studio Version 17
VisualStudioVersion = 17.14.36202.13 d17.14
MinimumVisualStudioVersion = 10.0.40219.1
Project("{FAE04EC0-301F-11D3-BF4B-00C04F79EFBC}") = "TravelWeb", "TravelWeb\TravelWeb.csproj", "{9E2E4A28-CFF0-475A-AD7C-527315514A8D}"
EndProject
Global
	GlobalSection(SolutionConfigurationPlatforms) = preSolution
		Debug|Any CPU = Debug|Any CPU
		Release|Any CPU = Release|Any CPU
	EndGlobalSection
	GlobalSection(ProjectConfigurationPlatforms) = postSolution
		{9E2E4A28-CFF0-475A-AD7C-527315514A8D}.Debug|Any CPU.ActiveCfg = Debug|Any CPU
		{9E2E4A28-CFF0-475A-AD7C-527315514A8D}.Debug|Any CPU.Build.0 = Debug|Any CPU
		{9E2E4A28-CFF0-475A-AD7C-527315514A8D}.Release|Any CPU.ActiveCfg = Release|Any CPU
		{9E2E4A28-CFF0-475A-AD7C-527315514A8D}.Release|Any CPU.Build.0 = Release|Any CPU
	EndGlobalSection
	GlobalSection(SolutionProperties) = preSolution
		HideSolutionNode = FALSE
	EndGlobalSection
	GlobalSection(ExtensibilityGlobals) = postSolution
		SolutionGuid = {F3500196-8D1A-44EE-A8B9-6E1F7FA5422D}
	EndGlobalSection
EndGlobal
